// !$*UTF8*$!
{
	archiveVersion = 1;
	classes = {
	};
	objectVersion = 50;
	objects = {

/* Begin PBXBuildFile section */
		832961EF236DDF41007E387B /* AppDelegate.swift in Sources */ = {isa = PBXBuildFile; fileRef = 832961EE236DDF41007E387B /* AppDelegate.swift */; };
		832961F1236DDF41007E387B /* SceneDelegate.swift in Sources */ = {isa = PBXBuildFile; fileRef = 832961F0236DDF41007E387B /* SceneDelegate.swift */; };
		832961F3236DDF41007E387B /* ContentView.swift in Sources */ = {isa = PBXBuildFile; fileRef = 832961F2236DDF41007E387B /* ContentView.swift */; };
		832961F5236DDF45007E387B /* Assets.xcassets in Resources */ = {isa = PBXBuildFile; fileRef = 832961F4236DDF45007E387B /* Assets.xcassets */; };
		832961F8236DDF45007E387B /* Preview Assets.xcassets in Resources */ = {isa = PBXBuildFile; fileRef = 832961F7236DDF45007E387B /* Preview Assets.xcassets */; };
		832961FB236DDF45007E387B /* LaunchScreen.storyboard in Resources */ = {isa = PBXBuildFile; fileRef = 832961F9236DDF45007E387B /* LaunchScreen.storyboard */; };
		83296206236DDF46007E387B /* Word_ScrambleTests.swift in Sources */ = {isa = PBXBuildFile; fileRef = 83296205236DDF46007E387B /* Word_ScrambleTests.swift */; };
		83296211236DDF46007E387B /* Word_ScrambleUITests.swift in Sources */ = {isa = PBXBuildFile; fileRef = 83296210236DDF46007E387B /* Word_ScrambleUITests.swift */; };
		8329621F236DE250007E387B /* start.txt in Resources */ = {isa = PBXBuildFile; fileRef = 8329621E236DE250007E387B /* start.txt */; };
		83468767236EBE11005A8133 /* Modifier.swift in Sources */ = {isa = PBXBuildFile; fileRef = 83468766236EBE11005A8133 /* Modifier.swift */; };
/* End PBXBuildFile section */

/* Begin PBXContainerItemProxy section */
		83296202236DDF46007E387B /* PBXContainerItemProxy */ = {
			isa = PBXContainerItemProxy;
			containerPortal = 832961E3236DDF40007E387B /* Project object */;
			proxyType = 1;
			remoteGlobalIDString = 832961EA236DDF40007E387B;
			remoteInfo = "Word Scramble";
		};
		8329620D236DDF46007E387B /* PBXContainerItemProxy */ = {
			isa = PBXContainerItemProxy;
			containerPortal = 832961E3236DDF40007E387B /* Project object */;
			proxyType = 1;
			remoteGlobalIDString = 832961EA236DDF40007E387B;
			remoteInfo = "Word Scramble";
		};
/* End PBXContainerItemProxy section */

/* Begin PBXFileReference section */
		832961EB236DDF40007E387B /* Word Scramble.app */ = {isa = PBXFileReference; explicitFileType = wrapper.application; includeInIndex = 0; path = "Word Scramble.app"; sourceTree = BUILT_PRODUCTS_DIR; };
		832961EE236DDF41007E387B /* AppDelegate.swift */ = {isa = PBXFileReference; lastKnownFileType = sourcecode.swift; path = AppDelegate.swift; sourceTree = "<group>"; };
		832961F0236DDF41007E387B /* SceneDelegate.swift */ = {isa = PBXFileReference; lastKnownFileType = sourcecode.swift; path = SceneDelegate.swift; sourceTree = "<group>"; };
		832961F2236DDF41007E387B /* ContentView.swift */ = {isa = PBXFileReference; lastKnownFileType = sourcecode.swift; path = ContentView.swift; sourceTree = "<group>"; };
		832961F4236DDF45007E387B /* Assets.xcassets */ = {isa = PBXFileReference; lastKnownFileType = folder.assetcatalog; path = Assets.xcassets; sourceTree = "<group>"; };
		832961F7236DDF45007E387B /* Preview Assets.xcassets */ = {isa = PBXFileReference; lastKnownFileType = folder.assetcatalog; path = "Preview Assets.xcassets"; sourceTree = "<group>"; };
		832961FA236DDF45007E387B /* Base */ = {isa = PBXFileReference; lastKnownFileType = file.storyboard; name = Base; path = Base.lproj/LaunchScreen.storyboard; sourceTree = "<group>"; };
		832961FC236DDF45007E387B /* Info.plist */ = {isa = PBXFileReference; lastKnownFileType = text.plist.xml; path = Info.plist; sourceTree = "<group>"; };
		83296201236DDF46007E387B /* Word ScrambleTests.xctest */ = {isa = PBXFileReference; explicitFileType = wrapper.cfbundle; includeInIndex = 0; path = "Word ScrambleTests.xctest"; sourceTree = BUILT_PRODUCTS_DIR; };
		83296205236DDF46007E387B /* Word_ScrambleTests.swift */ = {isa = PBXFileReference; lastKnownFileType = sourcecode.swift; path = Word_ScrambleTests.swift; sourceTree = "<group>"; };
		83296207236DDF46007E387B /* Info.plist */ = {isa = PBXFileReference; lastKnownFileType = text.plist.xml; path = Info.plist; sourceTree = "<group>"; };
		8329620C236DDF46007E387B /* Word ScrambleUITests.xctest */ = {isa = PBXFileReference; explicitFileType = wrapper.cfbundle; includeInIndex = 0; path = "Word ScrambleUITests.xctest"; sourceTree = BUILT_PRODUCTS_DIR; };
		83296210236DDF46007E387B /* Word_ScrambleUITests.swift */ = {isa = PBXFileReference; lastKnownFileType = sourcecode.swift; path = Word_ScrambleUITests.swift; sourceTree = "<group>"; };
		83296212236DDF46007E387B /* Info.plist */ = {isa = PBXFileReference; lastKnownFileType = text.plist.xml; path = Info.plist; sourceTree = "<group>"; };
		8329621E236DE250007E387B /* start.txt */ = {isa = PBXFileReference; fileEncoding = 4; lastKnownFileType = text; path = start.txt; sourceTree = "<group>"; };
		83468766236EBE11005A8133 /* Modifier.swift */ = {isa = PBXFileReference; lastKnownFileType = sourcecode.swift; path = Modifier.swift; sourceTree = "<group>"; };
/* End PBXFileReference section */

/* Begin PBXFrameworksBuildPhase section */
		832961E8236DDF40007E387B /* Frameworks */ = {
			isa = PBXFrameworksBuildPhase;
			buildActionMask = 2147483647;
			files = (
			);
			runOnlyForDeploymentPostprocessing = 0;
		};
		832961FE236DDF46007E387B /* Frameworks */ = {
			isa = PBXFrameworksBuildPhase;
			buildActionMask = 2147483647;
			files = (
			);
			runOnlyForDeploymentPostprocessing = 0;
		};
		83296209236DDF46007E387B /* Frameworks */ = {
			isa = PBXFrameworksBuildPhase;
			buildActionMask = 2147483647;
			files = (
			);
			runOnlyForDeploymentPostprocessing = 0;
		};
/* End PBXFrameworksBuildPhase section */

/* Begin PBXGroup section */
		832961E2236DDF40007E387B = {
			isa = PBXGroup;
			children = (
				832961ED236DDF40007E387B /* Word Scramble */,
				83296204236DDF46007E387B /* Word ScrambleTests */,
				8329620F236DDF46007E387B /* Word ScrambleUITests */,
				832961EC236DDF40007E387B /* Products */,
			);
			sourceTree = "<group>";
		};
		832961EC236DDF40007E387B /* Products */ = {
			isa = PBXGroup;
			children = (
				832961EB236DDF40007E387B /* Word Scramble.app */,
				83296201236DDF46007E387B /* Word ScrambleTests.xctest */,
				8329620C236DDF46007E387B /* Word ScrambleUITests.xctest */,
			);
			name = Products;
			sourceTree = "<group>";
		};
		832961ED236DDF40007E387B /* Word Scramble */ = {
			isa = PBXGroup;
			children = (
				83468765236EBDF4005A8133 /* Support */,
				832961F2236DDF41007E387B /* ContentView.swift */,
				832961F4236DDF45007E387B /* Assets.xcassets */,
				832961F9236DDF45007E387B /* LaunchScreen.storyboard */,
				832961FC236DDF45007E387B /* Info.plist */,
				8329621E236DE250007E387B /* start.txt */,
				832961F6236DDF45007E387B /* Preview Content */,
			);
			path = "Word Scramble";
			sourceTree = "<group>";
		};
		832961F6236DDF45007E387B /* Preview Content */ = {
			isa = PBXGroup;
			children = (
				832961F7236DDF45007E387B /* Preview Assets.xcassets */,
			);
			path = "Preview Content";
			sourceTree = "<group>";
		};
		83296204236DDF46007E387B /* Word ScrambleTests */ = {
			isa = PBXGroup;
			children = (
				83296205236DDF46007E387B /* Word_ScrambleTests.swift */,
				83296207236DDF46007E387B /* Info.plist */,
			);
			path = "Word ScrambleTests";
			sourceTree = "<group>";
		};
		8329620F236DDF46007E387B /* Word ScrambleUITests */ = {
			isa = PBXGroup;
			children = (
				83296210236DDF46007E387B /* Word_ScrambleUITests.swift */,
				83296212236DDF46007E387B /* Info.plist */,
			);
			path = "Word ScrambleUITests";
			sourceTree = "<group>";
		};
		83468765236EBDF4005A8133 /* Support */ = {
			isa = PBXGroup;
			children = (
				832961F0236DDF41007E387B /* SceneDelegate.swift */,
				832961EE236DDF41007E387B /* AppDelegate.swift */,
				83468766236EBE11005A8133 /* Modifier.swift */,
			);
			path = Support;
			sourceTree = "<group>";
		};
/* End PBXGroup section */

/* Begin PBXNativeTarget section */
		832961EA236DDF40007E387B /* Word Scramble */ = {
			isa = PBXNativeTarget;
			buildConfigurationList = 83296215236DDF46007E387B /* Build configuration list for PBXNativeTarget "Word Scramble" */;
			buildPhases = (
				832961E7236DDF40007E387B /* Sources */,
				832961E8236DDF40007E387B /* Frameworks */,
				832961E9236DDF40007E387B /* Resources */,
			);
			buildRules = (
			);
			dependencies = (
			);
			name = "Word Scramble";
			productName = "Word Scramble";
			productReference = 832961EB236DDF40007E387B /* Word Scramble.app */;
			productType = "com.apple.product-type.application";
		};
		83296200236DDF46007E387B /* Word ScrambleTests */ = {
			isa = PBXNativeTarget;
			buildConfigurationList = 83296218236DDF46007E387B /* Build configuration list for PBXNativeTarget "Word ScrambleTests" */;
			buildPhases = (
				832961FD236DDF46007E387B /* Sources */,
				832961FE236DDF46007E387B /* Frameworks */,
				832961FF236DDF46007E387B /* Resources */,
			);
			buildRules = (
			);
			dependencies = (
				83296203236DDF46007E387B /* PBXTargetDependency */,
			);
			name = "Word ScrambleTests";
			productName = "Word ScrambleTests";
			productReference = 83296201236DDF46007E387B /* Word ScrambleTests.xctest */;
			productType = "com.apple.product-type.bundle.unit-test";
		};
		8329620B236DDF46007E387B /* Word ScrambleUITests */ = {
			isa = PBXNativeTarget;
			buildConfigurationList = 8329621B236DDF46007E387B /* Build configuration list for PBXNativeTarget "Word ScrambleUITests" */;
			buildPhases = (
				83296208236DDF46007E387B /* Sources */,
				83296209236DDF46007E387B /* Frameworks */,
				8329620A236DDF46007E387B /* Resources */,
			);
			buildRules = (
			);
			dependencies = (
				8329620E236DDF46007E387B /* PBXTargetDependency */,
			);
			name = "Word ScrambleUITests";
			productName = "Word ScrambleUITests";
			productReference = 8329620C236DDF46007E387B /* Word ScrambleUITests.xctest */;
			productType = "com.apple.product-type.bundle.ui-testing";
		};
/* End PBXNativeTarget section */

/* Begin PBXProject section */
		832961E3236DDF40007E387B /* Project object */ = {
			isa = PBXProject;
			attributes = {
				LastSwiftUpdateCheck = 1110;
				LastUpgradeCheck = 1110;
				ORGANIZATIONNAME = dominator;
				TargetAttributes = {
					832961EA236DDF40007E387B = {
						CreatedOnToolsVersion = 11.1;
					};
					83296200236DDF46007E387B = {
						CreatedOnToolsVersion = 11.1;
						TestTargetID = 832961EA236DDF40007E387B;
					};
					8329620B236DDF46007E387B = {
						CreatedOnToolsVersion = 11.1;
						TestTargetID = 832961EA236DDF40007E387B;
					};
				};
			};
			buildConfigurationList = 832961E6236DDF40007E387B /* Build configuration list for PBXProject "Word Scramble" */;
			compatibilityVersion = "Xcode 9.3";
			developmentRegion = en;
			hasScannedForEncodings = 0;
			knownRegions = (
				en,
				Base,
			);
			mainGroup = 832961E2236DDF40007E387B;
			productRefGroup = 832961EC236DDF40007E387B /* Products */;
			projectDirPath = "";
			projectRoot = "";
			targets = (
				832961EA236DDF40007E387B /* Word Scramble */,
				83296200236DDF46007E387B /* Word ScrambleTests */,
				8329620B236DDF46007E387B /* Word ScrambleUITests */,
			);
		};
/* End PBXProject section */

/* Begin PBXResourcesBuildPhase section */
		832961E9236DDF40007E387B /* Resources */ = {
			isa = PBXResourcesBuildPhase;
			buildActionMask = 2147483647;
			files = (
				832961FB236DDF45007E387B /* LaunchScreen.storyboard in Resources */,
				8329621F236DE250007E387B /* start.txt in Resources */,
				832961F8236DDF45007E387B /* Preview Assets.xcassets in Resources */,
				832961F5236DDF45007E387B /* Assets.xcassets in Resources */,
			);
			runOnlyForDeploymentPostprocessing = 0;
		};
		832961FF236DDF46007E387B /* Resources */ = {
			isa = PBXResourcesBuildPhase;
			buildActionMask = 2147483647;
			files = (
			);
			runOnlyForDeploymentPostprocessing = 0;
		};
		8329620A236DDF46007E387B /* Resources */ = {
			isa = PBXResourcesBuildPhase;
			buildActionMask = 2147483647;
			files = (
			);
			runOnlyForDeploymentPostprocessing = 0;
		};
/* End PBXResourcesBuildPhase section */

/* Begin PBXSourcesBuildPhase section */
		832961E7236DDF40007E387B /* Sources */ = {
			isa = PBXSourcesBuildPhase;
			buildActionMask = 2147483647;
			files = (
				832961EF236DDF41007E387B /* AppDelegate.swift in Sources */,
				832961F1236DDF41007E387B /* SceneDelegate.swift in Sources */,
				83468767236EBE11005A8133 /* Modifier.swift in Sources */,
				832961F3236DDF41007E387B /* ContentView.swift in Sources */,
			);
			runOnlyForDeploymentPostprocessing = 0;
		};
		832961FD236DDF46007E387B /* Sources */ = {
			isa = PBXSourcesBuildPhase;
			buildActionMask = 2147483647;
			files = (
				83296206236DDF46007E387B /* Word_ScrambleTests.swift in Sources */,
			);
			runOnlyForDeploymentPostprocessing = 0;
		};
		83296208236DDF46007E387B /* Sources */ = {
			isa = PBXSourcesBuildPhase;
			buildActionMask = 2147483647;
			files = (
				83296211236DDF46007E387B /* Word_ScrambleUITests.swift in Sources */,
			);
			runOnlyForDeploymentPostprocessing = 0;
		};
/* End PBXSourcesBuildPhase section */

/* Begin PBXTargetDependency section */
		83296203236DDF46007E387B /* PBXTargetDependency */ = {
			isa = PBXTargetDependency;
			target = 832961EA236DDF40007E387B /* Word Scramble */;
			targetProxy = 83296202236DDF46007E387B /* PBXContainerItemProxy */;
		};
		8329620E236DDF46007E387B /* PBXTargetDependency */ = {
			isa = PBXTargetDependency;
			target = 832961EA236DDF40007E387B /* Word Scramble */;
			targetProxy = 8329620D236DDF46007E387B /* PBXContainerItemProxy */;
		};
/* End PBXTargetDependency section */

/* Begin PBXVariantGroup section */
		832961F9236DDF45007E387B /* LaunchScreen.storyboard */ = {
			isa = PBXVariantGroup;
			children = (
				832961FA236DDF45007E387B /* Base */,
			);
			name = LaunchScreen.storyboard;
			sourceTree = "<group>";
		};
/* End PBXVariantGroup section */

/* Begin XCBuildConfiguration section */
		83296213236DDF46007E387B /* Debug */ = {
			isa = XCBuildConfiguration;
			buildSettings = {
				ALWAYS_SEARCH_USER_PATHS = NO;
				CLANG_ANALYZER_NONNULL = YES;
				CLANG_ANALYZER_NUMBER_OBJECT_CONVERSION = YES_AGGRESSIVE;
				CLANG_CXX_LANGUAGE_STANDARD = "gnu++14";
				CLANG_CXX_LIBRARY = "libc++";
				CLANG_ENABLE_MODULES = YES;
				CLANG_ENABLE_OBJC_ARC = YES;
				CLANG_ENABLE_OBJC_WEAK = YES;
				CLANG_WARN_BLOCK_CAPTURE_AUTORELEASING = YES;
				CLANG_WARN_BOOL_CONVERSION = YES;
				CLANG_WARN_COMMA = YES;
				CLANG_WARN_CONSTANT_CONVERSION = YES;
				CLANG_WARN_DEPRECATED_OBJC_IMPLEMENTATIONS = YES;
				CLANG_WARN_DIRECT_OBJC_ISA_USAGE = YES_ERROR;
				CLANG_WARN_DOCUMENTATION_COMMENTS = YES;
				CLANG_WARN_EMPTY_BODY = YES;
				CLANG_WARN_ENUM_CONVERSION = YES;
				CLANG_WARN_INFINITE_RECURSION = YES;
				CLANG_WARN_INT_CONVERSION = YES;
				CLANG_WARN_NON_LITERAL_NULL_CONVERSION = YES;
				CLANG_WARN_OBJC_IMPLICIT_RETAIN_SELF = YES;
				CLANG_WARN_OBJC_LITERAL_CONVERSION = YES;
				CLANG_WARN_OBJC_ROOT_CLASS = YES_ERROR;
				CLANG_WARN_RANGE_LOOP_ANALYSIS = YES;
				CLANG_WARN_STRICT_PROTOTYPES = YES;
				CLANG_WARN_SUSPICIOUS_MOVE = YES;
				CLANG_WARN_UNGUARDED_AVAILABILITY = YES_AGGRESSIVE;
				CLANG_WARN_UNREACHABLE_CODE = YES;
				CLANG_WARN__DUPLICATE_METHOD_MATCH = YES;
				COPY_PHASE_STRIP = NO;
				DEBUG_INFORMATION_FORMAT = dwarf;
				ENABLE_STRICT_OBJC_MSGSEND = YES;
				ENABLE_TESTABILITY = YES;
				GCC_C_LANGUAGE_STANDARD = gnu11;
				GCC_DYNAMIC_NO_PIC = NO;
				GCC_NO_COMMON_BLOCKS = YES;
				GCC_OPTIMIZATION_LEVEL = 0;
				GCC_PREPROCESSOR_DEFINITIONS = (
					"DEBUG=1",
					"$(inherited)",
				);
				GCC_WARN_64_TO_32_BIT_CONVERSION = YES;
				GCC_WARN_ABOUT_RETURN_TYPE = YES_ERROR;
				GCC_WARN_UNDECLARED_SELECTOR = YES;
				GCC_WARN_UNINITIALIZED_AUTOS = YES_AGGRESSIVE;
				GCC_WARN_UNUSED_FUNCTION = YES;
				GCC_WARN_UNUSED_VARIABLE = YES;
				IPHONEOS_DEPLOYMENT_TARGET = 13.1;
				MTL_ENABLE_DEBUG_INFO = INCLUDE_SOURCE;
				MTL_FAST_MATH = YES;
				ONLY_ACTIVE_ARCH = YES;
				SDKROOT = iphoneos;
				SWIFT_ACTIVE_COMPILATION_CONDITIONS = DEBUG;
				SWIFT_OPTIMIZATION_LEVEL = "-Onone";
			};
			name = Debug;
		};
		83296214236DDF46007E387B /* Release */ = {
			isa = XCBuildConfiguration;
			buildSettings = {
				ALWAYS_SEARCH_USER_PATHS = NO;
				CLANG_ANALYZER_NONNULL = YES;
				CLANG_ANALYZER_NUMBER_OBJECT_CONVERSION = YES_AGGRESSIVE;
				CLANG_CXX_LANGUAGE_STANDARD = "gnu++14";
				CLANG_CXX_LIBRARY = "libc++";
				CLANG_ENABLE_MODULES = YES;
				CLANG_ENABLE_OBJC_ARC = YES;
				CLANG_ENABLE_OBJC_WEAK = YES;
				CLANG_WARN_BLOCK_CAPTURE_AUTORELEASING = YES;
				CLANG_WARN_BOOL_CONVERSION = YES;
				CLANG_WARN_COMMA = YES;
				CLANG_WARN_CONSTANT_CONVERSION = YES;
				CLANG_WARN_DEPRECATED_OBJC_IMPLEMENTATIONS = YES;
				CLANG_WARN_DIRECT_OBJC_ISA_USAGE = YES_ERROR;
				CLANG_WARN_DOCUMENTATION_COMMENTS = YES;
				CLANG_WARN_EMPTY_BODY = YES;
				CLANG_WARN_ENUM_CONVERSION = YES;
				CLANG_WARN_INFINITE_RECURSION = YES;
				CLANG_WARN_INT_CONVERSION = YES;
				CLANG_WARN_NON_LITERAL_NULL_CONVERSION = YES;
				CLANG_WARN_OBJC_IMPLICIT_RETAIN_SELF = YES;
				CLANG_WARN_OBJC_LITERAL_CONVERSION = YES;
				CLANG_WARN_OBJC_ROOT_CLASS = YES_ERROR;
				CLANG_WARN_RANGE_LOOP_ANALYSIS = YES;
				CLANG_WARN_STRICT_PROTOTYPES = YES;
				CLANG_WARN_SUSPICIOUS_MOVE = YES;
				CLANG_WARN_UNGUARDED_AVAILABILITY = YES_AGGRESSIVE;
				CLANG_WARN_UNREACHABLE_CODE = YES;
				CLANG_WARN__DUPLICATE_METHOD_MATCH = YES;
				COPY_PHASE_STRIP = NO;
				DEBUG_INFORMATION_FORMAT = "dwarf-with-dsym";
				ENABLE_NS_ASSERTIONS = NO;
				ENABLE_STRICT_OBJC_MSGSEND = YES;
				GCC_C_LANGUAGE_STANDARD = gnu11;
				GCC_NO_COMMON_BLOCKS = YES;
				GCC_WARN_64_TO_32_BIT_CONVERSION = YES;
				GCC_WARN_ABOUT_RETURN_TYPE = YES_ERROR;
				GCC_WARN_UNDECLARED_SELECTOR = YES;
				GCC_WARN_UNINITIALIZED_AUTOS = YES_AGGRESSIVE;
				GCC_WARN_UNUSED_FUNCTION = YES;
				GCC_WARN_UNUSED_VARIABLE = YES;
				IPHONEOS_DEPLOYMENT_TARGET = 13.1;
				MTL_ENABLE_DEBUG_INFO = NO;
				MTL_FAST_MATH = YES;
				SDKROOT = iphoneos;
				SWIFT_COMPILATION_MODE = wholemodule;
				SWIFT_OPTIMIZATION_LEVEL = "-O";
				VALIDATE_PRODUCT = YES;
			};
			name = Release;
		};
		83296216236DDF46007E387B /* Debug */ = {
			isa = XCBuildConfiguration;
			buildSettings = {
				ASSETCATALOG_COMPILER_APPICON_NAME = AppIcon;
				CODE_SIGN_STYLE = Automatic;
				DEVELOPMENT_ASSET_PATHS = "\"Word Scramble/Preview Content\"";
				ENABLE_PREVIEWS = YES;
				INFOPLIST_FILE = "Word Scramble/Info.plist";
				LD_RUNPATH_SEARCH_PATHS = (
					"$(inherited)",
					"@executable_path/Frameworks",
				);
				PRODUCT_BUNDLE_IDENTIFIER = "co.amitsamant.Word-Scramble";
				PRODUCT_NAME = "$(TARGET_NAME)";
				SWIFT_VERSION = 5.0;
				TARGETED_DEVICE_FAMILY = "1,2";
			};
			name = Debug;
		};
		83296217236DDF46007E387B /* Release */ = {
			isa = XCBuildConfiguration;
			buildSettings = {
				ASSETCATALOG_COMPILER_APPICON_NAME = AppIcon;
				CODE_SIGN_STYLE = Automatic;
				DEVELOPMENT_ASSET_PATHS = "\"Word Scramble/Preview Content\"";
				ENABLE_PREVIEWS = YES;
				INFOPLIST_FILE = "Word Scramble/Info.plist";
				LD_RUNPATH_SEARCH_PATHS = (
					"$(inherited)",
					"@executable_path/Frameworks",
				);
				PRODUCT_BUNDLE_IDENTIFIER = "co.amitsamant.Word-Scramble";
				PRODUCT_NAME = "$(TARGET_NAME)";
				SWIFT_VERSION = 5.0;
				TARGETED_DEVICE_FAMILY = "1,2";
			};
			name = Release;
		};
		83296219236DDF46007E387B /* Debug */ = {
			isa = XCBuildConfiguration;
			buildSettings = {
				ALWAYS_EMBED_SWIFT_STANDARD_LIBRARIES = YES;
				BUNDLE_LOADER = "$(TEST_HOST)";
				CODE_SIGN_STYLE = Automatic;
				INFOPLIST_FILE = "Word ScrambleTests/Info.plist";
				IPHONEOS_DEPLOYMENT_TARGET = 13.1;
				LD_RUNPATH_SEARCH_PATHS = (
					"$(inherited)",
					"@executable_path/Frameworks",
					"@loader_path/Frameworks",
				);
				PRODUCT_BUNDLE_IDENTIFIER = "co.amitsamant.Word-ScrambleTests";
				PRODUCT_NAME = "$(TARGET_NAME)";
				SWIFT_VERSION = 5.0;
				TARGETED_DEVICE_FAMILY = "1,2";
				TEST_HOST = "$(BUILT_PRODUCTS_DIR)/Word Scramble.app/Word Scramble";
			};
			name = Debug;
		};
		8329621A236DDF46007E387B /* Release */ = {
			isa = XCBuildConfiguration;
			buildSettings = {
				ALWAYS_EMBED_SWIFT_STANDARD_LIBRARIES = YES;
				BUNDLE_LOADER = "$(TEST_HOST)";
				CODE_SIGN_STYLE = Automatic;
				INFOPLIST_FILE = "Word ScrambleTests/Info.plist";
				IPHONEOS_DEPLOYMENT_TARGET = 13.1;
				LD_RUNPATH_SEARCH_PATHS = (
					"$(inherited)",
					"@executable_path/Frameworks",
					"@loader_path/Frameworks",
				);
				PRODUCT_BUNDLE_IDENTIFIER = "co.amitsamant.Word-ScrambleTests";
				PRODUCT_NAME = "$(TARGET_NAME)";
				SWIFT_VERSION = 5.0;
				TARGETED_DEVICE_FAMILY = "1,2";
				TEST_HOST = "$(BUILT_PRODUCTS_DIR)/Word Scramble.app/Word Scramble";
			};
			name = Release;
		};
		8329621C236DDF46007E387B /* Debug */ = {
			isa = XCBuildConfiguration;
			buildSettings = {
				ALWAYS_EMBED_SWIFT_STANDARD_LIBRARIES = YES;
				CODE_SIGN_STYLE = Automatic;
				INFOPLIST_FILE = "Word ScrambleUITests/Info.plist";
				LD_RUNPATH_SEARCH_PATHS = (
					"$(inherited)",
					"@executable_path/Frameworks",
					"@loader_path/Frameworks",
				);
				PRODUCT_BUNDLE_IDENTIFIER = "co.amitsamant.Word-ScrambleUITests";
				PRODUCT_NAME = "$(TARGET_NAME)";
				SWIFT_VERSION = 5.0;
				TARGETED_DEVICE_FAMILY = "1,2";
				TEST_TARGET_NAME = "Word Scramble";
			};
			name = Debug;
		};
		8329621D236DDF46007E387B /* Release */ = {
			isa = XCBuildConfiguration;
			buildSettings = {
				ALWAYS_EMBED_SWIFT_STANDARD_LIBRARIES = YES;
				CODE_SIGN_STYLE = Automatic;
				INFOPLIST_FILE = "Word ScrambleUITests/Info.plist";
				LD_RUNPATH_SEARCH_PATHS = (
					"$(inherited)",
					"@executable_path/Frameworks",
					"@loader_path/Frameworks",
				);
				PRODUCT_BUNDLE_IDENTIFIER = "co.amitsamant.Word-ScrambleUITests";
				PRODUCT_NAME = "$(TARGET_NAME)";
				SWIFT_VERSION = 5.0;
				TARGETED_DEVICE_FAMILY = "1,2";
				TEST_TARGET_NAME = "Word Scramble";
			};
			name = Release;
		};
/* End XCBuildConfiguration section */

/* Begin XCConfigurationList section */
		832961E6236DDF40007E387B /* Build configuration list for PBXProject "Word Scramble" */ = {
			isa = XCConfigurationList;
			buildConfigurations = (
				83296213236DDF46007E387B /* Debug */,
				83296214236DDF46007E387B /* Release */,
			);
			defaultConfigurationIsVisible = 0;
			defaultConfigurationName = Release;
		};
		83296215236DDF46007E387B /* Build configuration list for PBXNativeTarget "Word Scramble" */ = {
			isa = XCConfigurationList;
			buildConfigurations = (
				83296216236DDF46007E387B /* Debug */,
				83296217236DDF46007E387B /* Release */,
			);
			defaultConfigurationIsVisible = 0;
			defaultConfigurationName = Release;
		};
		83296218236DDF46007E387B /* Build configuration list for PBXNativeTarget "Word ScrambleTests" */ = {
			isa = XCConfigurationList;
			buildConfigurations = (
				83296219236DDF46007E387B /* Debug */,
				8329621A236DDF46007E387B /* Release */,
			);
			defaultConfigurationIsVisible = 0;
			defaultConfigurationName = Release;
		};
		8329621B236DDF46007E387B /* Build configuration list for PBXNativeTarget "Word ScrambleUITests" */ = {
			isa = XCConfigurationList;
			buildConfigurations = (
				8329621C236DDF46007E387B /* Debug */,
				8329621D236DDF46007E387B /* Release */,
			);
			defaultConfigurationIsVisible = 0;
			defaultConfigurationName = Release;
		};
/* End XCConfigurationList section */
	};
	rootObject = 832961E3236DDF40007E387B /* Project object */;
}
